<?xml version="1.0" encoding="utf-8"?>
<Project ToolsVersion="4.0" xmlns="http://schemas.microsoft.com/developer/msbuild/2003">
  <ItemGroup>
    <Filter Include="Source Files">
      <UniqueIdentifier>{4FC737F1-C7A5-4376-A066-2A32D752A2FF}</UniqueIdentifier>
      <Extensions>cpp;c;cc;cxx;def;odl;idl;hpj;bat;asm;asmx</Extensions>
    </Filter>
    <Filter Include="Header Files">
      <UniqueIdentifier>{93995380-89BD-4b04-88EB-625FBE52EBFB}</UniqueIdentifier>
      <Extensions>h;hh;hpp;hxx;hm;inl;inc;xsd</Extensions>
    </Filter>
    <Filter Include="Resource Files">
      <UniqueIdentifier>{67DA6AB6-F800-4c08-8B7A-83BB121AAD01}</UniqueIdentifier>
      <Extensions>rc;ico;cur;bmp;dlg;rc2;rct;bin;rgs;gif;jpg;jpeg;jpe;resx;tiff;tif;png;wav;mfcribbon-ms</Extensions>
    </Filter>
    <Filter Include="Source Files\ParaSite">
      <UniqueIdentifier>{49dffaf2-22f6-49a5-871e-9f78b6bcd7f4}</UniqueIdentifier>
    </Filter>
    <Filter Include="Source Files\tests">
      <UniqueIdentifier>{70884a91-407f-430b-ab31-486da16afce2}</UniqueIdentifier>
    </Filter>
    <Filter Include="Header Files\ParaSite">
      <UniqueIdentifier>{2b7f78c3-6d20-467f-92ff-3cf320236687}</UniqueIdentifier>
    </Filter>
    <Filter Include="Header Files\tests">
      <UniqueIdentifier>{a7165ce1-ade5-468e-9346-47df32edf8c9}</UniqueIdentifier>
    </Filter>
    <Filter Include="Header Files\eigen">
      <UniqueIdentifier>{2f3fbb27-43f7-4fbb-8d43-f5a891fa2c6c}</UniqueIdentifier>
    </Filter>
  </ItemGroup>
  <ItemGroup>
    <ClCompile Include="EW_helper.cpp">
      <Filter>Source Files</Filter>
    </ClCompile>
    <ClCompile Include="main.cpp">
      <Filter>Source Files</Filter>
    </ClCompile>
    <ClCompile Include="ParaSite\MPIWrapper2D.cpp">
      <Filter>Source Files\ParaSite</Filter>
    </ClCompile>
    <ClCompile Include="tests\Test_MPIWrapper2D.cpp">
      <Filter>Source Files\tests</Filter>
    </ClCompile>
  </ItemGroup>
  <ItemGroup>
    <ClInclude Include="ParaSite\MPIWrapper2D.h">
      <Filter>Header Files\ParaSite</Filter>
    </ClInclude>
    <ClInclude Include="ParaSite\ParaSite.h">
      <Filter>Header Files\ParaSite</Filter>
    </ClInclude>
    <ClInclude Include="ParaSite\ParaSite_Field.h">
      <Filter>Header Files\ParaSite</Filter>
    </ClInclude>
    <ClInclude Include="ParaSite\ParaSite_Lattice.h">
      <Filter>Header Files\ParaSite</Filter>
    </ClInclude>
    <ClInclude Include="ParaSite\ParaSite_Site.h">
      <Filter>Header Files\ParaSite</Filter>
    </ClInclude>
    <ClInclude Include="tests\Test_MPIWrapper2D.h">
      <Filter>Header Files\tests</Filter>
    </ClInclude>
    <ClInclude Include="EW_BubbleNucl.h">
      <Filter>Header Files</Filter>
    </ClInclude>
    <ClInclude Include="EW_helper.h">
      <Filter>Header Files</Filter>
    </ClInclude>
    <ClInclude Include="EW_Model.h">
      <Filter>Header Files</Filter>
    </ClInclude>
    <ClInclude Include="EW_Observation.h">
      <Filter>Header Files</Filter>
    </ClInclude>
    <ClInclude Include="EW_parameter.h">
      <Filter>Header Files</Filter>
    </ClInclude>
    <ClInclude Include="EW_functions.h">
      <Filter>Header Files</Filter>
    </ClInclude>
    <ClInclude Include="obs_temp.h">
      <Filter>Header Files</Filter>
    </ClInclude>
  </ItemGroup>
  <ItemGroup>
    <None Include="eigen\Eigen\Eigen">
      <Filter>Header Files\eigen</Filter>
    </None>
  </ItemGroup>
</Project>